
Microsoft Visual Studio Solution File, Format Version 12.00
# Visual Studio 14
VisualStudioVersion = 14.0.25420.1
MinimumVisualStudioVersion = 10.0.40219.1
Project("{8BC9CEB8-8B4A-11D0-8D11-00A0C91BC942}") = "Set", "Week12\Week12.vcxproj", "{2D1FE80D-8290-47FD-89E1-BE2F597F4D05}"
EndProject
Project("{8BC9CEB8-8B4A-11D0-8D11-00A0C91BC942}") = "Fraction", "Fraction\Fraction.vcxproj", "{931C2ED5-7E50-4489-825A-69EA2F832BA4}"
EndProject
Global
	GlobalSection(SolutionConfigurationPlatforms) = preSolution
		Debug|x64 = Debug|x64
		Debug|x86 = Debug|x86
		Release|x64 = Release|x64
		Release|x86 = Release|x86
	EndGlobalSection
	GlobalSection(ProjectConfigurationPlatforms) = postSolution
		{2D1FE80D-8290-47FD-89E1-BE2F597F4D05}.Debug|x64.ActiveCfg = Debug|x64
		{2D1FE80D-8290-47FD-89E1-BE2F597F4D05}.Debug|x64.Build.0 = Debug|x64
		{2D1FE80D-8290-47FD-89E1-BE2F597F4D05}.Debug|x86.ActiveCfg = Debug|Win32
		{2D1FE80D-8290-47FD-89E1-BE2F597F4D05}.Debug|x86.Build.0 = Debug|Win32
		{2D1FE80D-8290-47FD-89E1-BE2F597F4D05}.Release|x64.ActiveCfg = Release|x64
		{2D1FE80D-8290-47FD-89E1-BE2F597F4D05}.Release|x64.Build.0 = Release|x64
		{2D1FE80D-8290-47FD-89E1-BE2F597F4D05}.Release|x86.ActiveCfg = Release|Win32
		{2D1FE80D-8290-47FD-89E1-BE2F597F4D05}.Release|x86.Build.0 = Release|Win32
		{931C2ED5-7E50-4489-825A-69EA2F832BA4}.Debug|x64.ActiveCfg = Debug|x64
		{931C2ED5-7E50-4489-825A-69EA2F832BA4}.Debug|x64.Build.0 = Debug|x64
		{931C2ED5-7E50-4489-825A-69EA2F832BA4}.Debug|x86.ActiveCfg = Debug|Win32
		{931C2ED5-7E50-4489-825A-69EA2F832BA4}.Debug|x86.Build.0 = Debug|Win32
		{931C2ED5-7E50-4489-825A-69EA2F832BA4}.Release|x64.ActiveCfg = Release|x64
		{931C2ED5-7E50-4489-825A-69EA2F832BA4}.Release|x64.Build.0 = Release|x64
		{931C2ED5-7E50-4489-825A-69EA2F832BA4}.Release|x86.ActiveCfg = Release|Win32
		{931C2ED5-7E50-4489-825A-69EA2F832BA4}.Release|x86.Build.0 = Release|Win32
	EndGlobalSection
	GlobalSection(SolutionProperties) = preSolution
		HideSolutionNode = FALSE
	EndGlobalSection
EndGlobal
